{
  "name": "projectpilot-ai",
  "lockfileVersion": 3,
  "requires": true,
  "packages": {
    "": {
      "dependencies": {
        "@ai-sdk/openai": "^4.0.16",
        "@anthropic-ai/claude-agent-sdk": "^0.3.215",
        "@langchain/core": "^1.2.3",
        "@langchain/langgraph": "^1.4.8",
        "@langchain/openai": "^1.5.5",
        "ai": "^7.0.31",
        "deepagents": "^1.11.1",
        "langchain": "^1.5.3",
        "langsmith": "^0.8.4",
        "zod": "^4.4.3"
      }
    },
    "node_modules/@ai-sdk/gateway": {
      "version": "4.0.23",
      "resolved": "https://registry.npmjs.org/@ai-sdk/gateway/-/gateway-4.0.23.tgz",
      "integrity": "sha512-f85diFdPMXYJpxCjOYZchMQkRH8h3r6lhK4Q2xmzJ7UA2OQ80L3W7tFu61742xGQK7zHWm5AhxYhNuc50H9SGQ==",
      "license": "Apache-2.0",
      "dependencies": {
        "@ai-sdk/provider": "4.0.3",
        "@ai-sdk/provider-utils": "5.0.11",
        "@vercel/oidc": "3.2.0"
      },
      "engines": {
        "node": ">=22"
      },
      "peerDependencies": {
        "zod": "^3.25.76 || ^4.1.8"
      }
    },
    "node_modules/@ai-sdk/openai": {
      "version": "4.0.16",
      "resolved": "https://registry.npmjs.org/@ai-sdk/openai/-/openai-4.0.16.tgz",
      "integrity": "sha512-Yh+PsXaf9NbN7oA3oKwOuyjTiHMPD75phf3SqGbDNNKQ3Yj3oTntp/WhO3nCHIPA6gr5/1lyridQokmOpPf9oQ==",
      "license": "Apache-2.0",
      "dependencies": {
        "@ai-sdk/provider": "4.0.3",
        "@ai-sdk/provider-utils": "5.0.11"
      },
      "engines": {
        "node": ">=22"
      },
      "peerDependencies": {
        "zod": "^3.25.76 || ^4.1.8"
      }
    },
    "node_modules/@ai-sdk/provider": {
      "version": "4.0.3",
      "resolved": "https://registry.npmjs.org/@ai-sdk/provider/-/provider-4.0.3.tgz",
      "integrity": "sha512-e0CpNWJUY7OxAFAnCZkw+ri9QOHWwTs1tXP42782KFGCU07qt8NiXCrCVowyCB5dP2r5/Uls+g2oPd8kOJn9dw==",
      "license": "Apache-2.0",
      "dependencies": {
        "json-schema": "^0.4.0"
      },
      "engines": {
        "node": ">=22"
      }
    },
    "node_modules/@ai-sdk/provider-utils": {
      "version": "5.0.11",
      "resolved": "https://registry.npmjs.org/@ai-sdk/provider-utils/-/provider-utils-5.0.11.tgz",
      "integrity": "sha512-7/96wE+ZsKB35iS9ASyllrE4Ym/EolXEB7AkuJ5FI++fmS85BVTAs77890C+1Z2jwHfBKjBQSBmsliOsAh0iFQ==",
      "license": "Apache-2.0",
      "dependencies": {
        "@ai-sdk/provider": "4.0.3",
        "@standard-schema/spec": "^1.1.0",
        "@workflow/serde": "4.1.0",
        "eventsource-parser": "^3.0.8"
      },
      "engines": {
        "node": ">=22"
      },
      "peerDependencies": {
        "zod": "^3.25.76 || ^4.1.8"
      }
    },
    "node_modules/@anthropic-ai/claude-agent-sdk": {
      "version": "0.3.215",
      "resolved": "https://registry.npmjs.org/@anthropic-ai/claude-agent-sdk/-/claude-agent-sdk-0.3.215.tgz",
      "integrity": "sha512-fBktJCwfu8ZeOSnnSLcWVkIHyp/pjouJsGVGtRnQ0HkcRuOReIbRcB/6n2O5dYV331Ok+MfdGHiPaTORj7pCtQ==",
      "license": "SEE LICENSE IN README.md",
      "engines": {
        "node": ">=18.0.0"
      },
      "optionalDependencies": {
        "@anthropic-ai/claude-agent-sdk-darwin-arm64": "0.3.215",
        "@anthropic-ai/claude-agent-sdk-darwin-x64": "0.3.215",
        "@anthropic-ai/claude-agent-sdk-linux-arm64": "0.3.215",
        "@anthropic-ai/claude-agent-sdk-linux-arm64-musl": "0.3.215",
        "@anthropic-ai/claude-agent-sdk-linux-x64": "0.3.215",
        "@anthropic-ai/claude-agent-sdk-linux-x64-musl": "0.3.215",
        "@anthropic-ai/claude-agent-sdk-win32-arm64": "0.3.215",
        "@anthropic-ai/claude-agent-sdk-win32-x64": "0.3.215"
      },
      "peerDependencies": {
        "@anthropic-ai/sdk": ">=0.93.0",
        "@modelcontextprotocol/sdk": "^1.29.0",
        "zod": "^4.0.0"
      }
    },
    "node_modules/@anthropic-ai/claude-agent-sdk-darwin-arm64": {
      "version": "0.3.215",
      "resolved": "https://registry.npmjs.org/@anthropic-ai/claude-agent-sdk-darwin-arm64/-/claude-agent-sdk-darwin-arm64-0.3.215.tgz",
      "integrity": "sha512-KIOe3N/ypVIdsI7fnJUHT0Djei1RH01TbxK6LI2mgoHKZ6NVDt/Q9kQ1+On3b/l899RhE6C1SMAiQ0iB4sbkjA==",
      "cpu": [
        "arm64"
      ],
      "license": "SEE LICENSE IN LICENSE.md",
      "optional": true,
      "os": [
        "darwin"
      ]
    },
    "node_modules/@anthropic-ai/claude-agent-sdk-darwin-x64": {
      "version": "0.3.215",
      "resolved": "https://registry.npmjs.org/@anthropic-ai/claude-agent-sdk-darwin-x64/-/claude-agent-sdk-darwin-x64-0.3.215.tgz",
      "integrity": "sha512-cyjfQgkgF/zZbSJP6uJpPXoIJE/gYFOgz+u/SjklvakcO56BpEnsbdl/oHVu5G8GCw69V11hKFZ8T8YsVOiv2w==",
      "cpu": [
        "x64"
      ],
      "license": "SEE LICENSE IN LICENSE.md",
      "optional": true,
      "os": [
        "darwin"
      ]
    },
    "node_modules/@anthropic-ai/claude-agent-sdk-linux-arm64": {
      "version": "0.3.215",
      "resolved": "https://registry.npmjs.org/@anthropic-ai/claude-agent-sdk-linux-arm64/-/claude-agent-sdk-linux-arm64-0.3.215.tgz",
      "integrity": "sha512-lb7ayxZeWLiEhlOjzF8oX+DdJHrVgR1hvwkwRdYo+LgTT3hSxv6h43sheS3hZ1I9LYvOTKWa2E0O1EnffOzyCg==",
      "cpu": [
        "arm64"
      ],
      "libc": [
        "glibc"
      ],
      "license": "SEE LICENSE IN LICENSE.md",
      "optional": true,
      "os": [
        "linux"
      ]
    },
    "node_modules/@anthropic-ai/claude-agent-sdk-linux-arm64-musl": {
      "version": "0.3.215",
      "resolved": "https://registry.npmjs.org/@anthropic-ai/claude-agent-sdk-linux-arm64-musl/-/claude-agent-sdk-linux-arm64-musl-0.3.215.tgz",
      "integrity": "sha512-dXMR8afbZCFWUKQGyvn9swDYYvMtZWGqqbZ994ahS7HvGN4AgF63uvojHVErW1Xxn2601Bm+eCYQt+BSLk6iZQ==",
      "cpu": [
        "arm64"
      ],
      "libc": [
        "musl"
      ],
      "license": "SEE LICENSE IN LICENSE.md",
      "optional": true,
      "os": [
        "linux"
      ]
    },
    "node_modules/@anthropic-ai/claude-agent-sdk-linux-x64": {
      "version": "0.3.215",
      "resolved": "https://registry.npmjs.org/@anthropic-ai/claude-agent-sdk-linux-x64/-/claude-agent-sdk-linux-x64-0.3.215.tgz",
      "integrity": "sha512-Iivu3oq7hIEc81dpTu1W0GJ/kCE8TRtj9tb+wdZCp1grsuGEJiS3Bh1tLxCrhLOTDxPggK6xZGVN/RPJh84ywA==",
      "cpu": [
        "x64"
      ],
      "libc": [
        "glibc"
      ],
      "license": "SEE LICENSE IN LICENSE.md",
      "optional": true,
      "os": [
        "linux"
      ]
    },
    "node_modules/@anthropic-ai/claude-agent-sdk-linux-x64-musl": {
      "version": "0.3.215",
      "resolved": "https://registry.npmjs.org/@anthropic-ai/claude-agent-sdk-linux-x64-musl/-/claude-agent-sdk-linux-x64-musl-0.3.215.tgz",
      "integrity": "sha512-jSmrjSupnWtw8/I1Wmr32J6lB02gFXytmNbse4kcLEgH6UGtdZckKnDVnh/ejHma4QE9WGSn54xLsSFnjHVrRg==",
      "cpu": [
        "x64"
      ],
      "libc": [
        "musl"
      ],
      "license": "SEE LICENSE IN LICENSE.md",
      "optional": true,
      "os": [
        "linux"
      ]
    },
    "node_modules/@anthropic-ai/claude-agent-sdk-win32-arm64": {
      "version": "0.3.215",
      "resolved": "https://registry.npmjs.org/@anthropic-ai/claude-agent-sdk-win32-arm64/-/claude-agent-sdk-win32-arm64-0.3.215.tgz",
      "integrity": "sha512-9Xtpwd4DzfObOycDkfYfQ7clhWoFu2fmRqmMZWyQRyk2mEHWR3gLBwUgpfjYb6m4Fke9eTmIx2lXDG2i1OaBzA==",
      "cpu": [
        "arm64"
      ],
      "license": "SEE LICENSE IN LICENSE.md",
      "optional": true,
      "os": [
        "win32"
      ]
    },
    "node_modules/@anthropic-ai/claude-agent-sdk-win32-x64": {
      "version": "0.3.215",
      "resolved": "https://registry.npmjs.org/@anthropic-ai/claude-agent-sdk-win32-x64/-/claude-agent-sdk-win32-x64-0.3.215.tgz",
      "integrity": "sha512-DkPwdc1zS6KIf6YNKXhlqAw95wnjG8Uh5bSXRrFA+MxsaWedlVFeja6zFM5uZ84ouGrcHEeU3PGUcGaKR1U4cQ==",
      "cpu": [
        "x64"
      ],
      "license": "SEE LICENSE IN LICENSE.md",
      "optional": true,
      "os": [
        "win32"
      ]
    },
    "node_modules/@cfworker/json-schema": {
      "version": "4.1.1",
      "resolved": "https://registry.npmjs.org/@cfworker/json-schema/-/json-schema-4.1.1.tgz",
      "integrity": "sha512-gAmrUZSGtKc3AiBL71iNWxDsyUC5uMaKKGdvzYsBoTW/xi42JQHl7eKV2OYzCUqvc+D2RCcf7EXY2iCyFIk6og==",
      "license": "MIT"
    },
    "node_modules/@langchain/core": {
      "version": "1.2.3",
      "resolved": "https://registry.npmjs.org/@langchain/core/-/core-1.2.3.tgz",
      "integrity": "sha512-F+L5SsciykwDl7eDxacnhDTcWe1IF6jetzfkvI5PPfq6ogWHO7xcjU90SGh/3lqbbS0tgun+qF01KIqxawrCsA==",
      "license": "MIT",
      "dependencies": {
        "@cfworker/json-schema": "^4.0.2",
        "@standard-schema/spec": "^1.1.0",
        "js-tiktoken": "^1.0.12",
        "langsmith": ">=0.5.0 <1.0.0",
        "mustache": "^4.2.0",
        "p-queue": "^6.6.2",
        "zod": "^3.25.76 || ^4"
      },
      "engines": {
        "node": ">=20"
      }
    },
    "node_modules/@langchain/langgraph": {
      "version": "1.4.8",
      "resolved": "https://registry.npmjs.org/@langchain/langgraph/-/langgraph-1.4.8.tgz",
      "integrity": "sha512-DN1Np1XefdBEbp1qBKlt39cwoL743AAGpR5Ipja0gY2YbWvsoQnOTIrjnj/orSAhaUYsdTKS8VSWdFzsHZo6Ig==",
      "license": "MIT",
      "dependencies": {
        "@langchain/langgraph-checkpoint": "^1.1.3",
        "@langchain/langgraph-sdk": "~1.9.26",
        "@langchain/protocol": "^0.0.18",
        "@standard-schema/spec": "1.1.0"
      },
      "engines": {
        "node": ">=18"
      },
      "peerDependencies": {
        "@langchain/core": "^1.1.48",
        "zod": "^3.25.32 || ^4.2.0"
      }
    },
    "node_modules/@langchain/langgraph-checkpoint": {
      "version": "1.1.3",
      "resolved": "https://registry.npmjs.org/@langchain/langgraph-checkpoint/-/langgraph-checkpoint-1.1.3.tgz",
      "integrity": "sha512-wgzdQNeEsdw1e+4lvlj0tdq/RYR/k1vPin10g0ymGoehZDDgd9nvIllGXSXN4TFgF9sf5qQP/KTkOcLfeseIhA==",
      "license": "MIT",
      "engines": {
        "node": ">=18"
      },
      "peerDependencies": {
        "@langchain/core": "^1.1.48"
      }
    },
    "node_modules/@langchain/langgraph-sdk": {
      "version": "1.9.27",
      "resolved": "https://registry.npmjs.org/@langchain/langgraph-sdk/-/langgraph-sdk-1.9.27.tgz",
      "integrity": "sha512-EHGFsxawniLw2pGVUDLSSdMriASIP4oz0Mihytb50iRsIqhmODzGBWW7iLWA/0hqavggNpqjat4WD7LjmxiXSQ==",
      "license": "MIT",
      "dependencies": {
        "@langchain/protocol": "^0.0.18",
        "@types/json-schema": "^7.0.15",
        "p-queue": "^9.0.1",
        "p-retry": "^7.1.1"
      },
      "peerDependencies": {
        "@langchain/core": "^1.1.48",
        "react": "^18 || ^19",
        "react-dom": "^18 || ^19",
        "svelte": "^4.0.0 || ^5.0.0",
        "vue": "^3.0.0"
      },
      "peerDependenciesMeta": {
        "react": {
          "optional": true
        },
        "react-dom": {
          "optional": true
        },
        "svelte": {
          "optional": true
        },
        "vue": {
          "optional": true
        }
      }
    },
    "node_modules/@langchain/langgraph-sdk/node_modules/eventemitter3": {
      "version": "5.0.4",
      "resolved": "https://registry.npmjs.org/eventemitter3/-/eventemitter3-5.0.4.tgz",
      "integrity": "sha512-mlsTRyGaPBjPedk6Bvw+aqbsXDtoAyAzm5MO7JgU+yVRyMQ5O8bD4Kcci7BS85f93veegeCPkL8R4GLClnjLFw==",
      "license": "MIT"
    },
    "node_modules/@langchain/langgraph-sdk/node_modules/p-queue": {
      "version": "9.3.1",
      "resolved": "https://registry.npmjs.org/p-queue/-/p-queue-9.3.1.tgz",
      "integrity": "sha512-POWdiIPmsUPGwb4FeQ4OBg46aqmcInSWe45CKDsGHiOBiVQM9chqfQTuqhuTzcg2Vz9faTI65at0KkVyVEiCHw==",
      "license": "MIT",
      "dependencies": {
        "eventemitter3": "^5.0.4",
        "p-timeout": "^7.0.0"
      },
      "engines": {
        "node": ">=20"
      },
      "funding": {
        "url": "https://github.com/sponsors/sindresorhus"
      }
    },
    "node_modules/@langchain/langgraph-sdk/node_modules/p-timeout": {
      "version": "7.0.1",
      "resolved": "https://registry.npmjs.org/p-timeout/-/p-timeout-7.0.1.tgz",
      "integrity": "sha512-AxTM2wDGORHGEkPCt8yqxOTMgpfbEHqF51f/5fJCmwFC3C/zNcGT63SymH2ttOAaiIws2zVg4+izQCjrakcwHg==",
      "license": "MIT",
      "engines": {
        "node": ">=20"
      },
      "funding": {
        "url": "https://github.com/sponsors/sindresorhus"
      }
    },
    "node_modules/@langchain/openai": {
      "version": "1.5.5",
      "resolved": "https://registry.npmjs.org/@langchain/openai/-/openai-1.5.5.tgz",
      "integrity": "sha512-wX7dwb9z4nf5FHXlIl/X2mk08pzonvRHCt1D4+s1zXLP0duYDC95j7dulPIQJ6fmhbyYQc9Ki8mEhY/D1lB8kw==",
      "license": "MIT",
      "dependencies": {
        "js-tiktoken": "^1.0.12",
        "openai": "^6.41.0",
        "zod": "^3.25.76 || ^4"
      },
      "engines": {
        "node": ">=20"
      },
      "peerDependencies": {
        "@langchain/core": "^1.2.2"
      }
    },
    "node_modules/@langchain/protocol": {
      "version": "0.0.18",
      "resolved": "https://registry.npmjs.org/@langchain/protocol/-/protocol-0.0.18.tgz",
      "integrity": "sha512-XW1egQtPfsGI41w2AMZNFZrUIwFSQHTjVMZs0OaTpCAvht/QLoaPN8FQcsysMVypOhupG28J29yOorrc70otBQ==",
      "license": "MIT"
    },
    "node_modules/@nodelib/fs.scandir": {
      "version": "2.1.5",
      "resolved": "https://registry.npmjs.org/@nodelib/fs.scandir/-/fs.scandir-2.1.5.tgz",
      "integrity": "sha512-vq24Bq3ym5HEQm2NKCr3yXDwjc7vTsEThRDnkp2DK9p1uqLR+DHurm/NOTo0KG7HYHU7eppKZj3MyqYuMBf62g==",
      "license": "MIT",
      "dependencies": {
        "@nodelib/fs.stat": "2.0.5",
        "run-parallel": "^1.1.9"
      },
      "engines": {
        "node": ">= 8"
      }
    },
    "node_modules/@nodelib/fs.stat": {
      "version": "2.0.5",
      "resolved": "https://registry.npmjs.org/@nodelib/fs.stat/-/fs.stat-2.0.5.tgz",
      "integrity": "sha512-RkhPPp2zrqDAQA/2jNhnztcPAlv64XdhIp7a7454A5ovI7Bukxgt7MX7udwAu3zg1DcpPU0rz3VV1SeaqvY4+A==",
      "license": "MIT",
      "engines": {
        "node": ">= 8"
      }
    },
    "node_modules/@nodelib/fs.walk": {
      "version": "1.2.8",
      "resolved": "https://registry.npmjs.org/@nodelib/fs.walk/-/fs.walk-1.2.8.tgz",
      "integrity": "sha512-oGB+UxlgWcgQkgwo8GcEGwemoTFt3FIO9ababBmaGwXIoBKZ+GTy0pP185beGg7Llih/NSHSV2XAs1lnznocSg==",
      "license": "MIT",
      "dependencies": {
        "@nodelib/fs.scandir": "2.1.5",
        "fastq": "^1.6.0"
      },
      "engines": {
        "node": ">= 8"
      }
    },
    "node_modules/@standard-schema/spec": {
      "version": "1.1.0",
      "resolved": "https://registry.npmjs.org/@standard-schema/spec/-/spec-1.1.0.tgz",
      "integrity": "sha512-l2aFy5jALhniG5HgqrD6jXLi/rUWrKvqN/qJx6yoJsgKhblVd+iqqU4RCXavm/jPityDo5TCvKMnpjKnOriy0w==",
      "license": "MIT"
    },
    "node_modules/@types/json-schema": {
      "version": "7.0.15",
      "resolved": "https://registry.npmjs.org/@types/json-schema/-/json-schema-7.0.15.tgz",
      "integrity": "sha512-5+fP8P8MFNC+AyZCDxrB2pkZFPGzqQWUzpSeuuVLvm8VMcorNYavBqoFcxK8bQz4Qsbn4oUEEem4wDLfcysGHA==",
      "license": "MIT"
    },
    "node_modules/@vercel/oidc": {
      "version": "3.2.0",
      "resolved": "https://registry.npmjs.org/@vercel/oidc/-/oidc-3.2.0.tgz",
      "integrity": "sha512-UycprH3T6n3jH0k44NHMa7pnFHGu/N05MjojYr+Mc6I7obkoLIJujSWwin1pCvdy/eOxrI/l3uDLQsmcrOb4ug==",
      "license": "Apache-2.0",
      "engines": {
        "node": ">= 20"
      }
    },
    "node_modules/@workflow/serde": {
      "version": "4.1.0",
      "resolved": "https://registry.npmjs.org/@workflow/serde/-/serde-4.1.0.tgz",
      "integrity": "sha512-pav4F2BoirECWR7Nf1TKt+2eETcBj7jj4cBefQ8VXQCA6NPkaKeLfj/zMgi+3zYV5ZIBT4GuUiphsj0/b9hPQQ==",
      "license": "Apache-2.0"
    },
    "node_modules/ai": {
      "version": "7.0.31",
      "resolved": "https://registry.npmjs.org/ai/-/ai-7.0.31.tgz",
      "integrity": "sha512-pJfwKXjF5kw0rKRTePwYo60EfWb8wfzJAgf3ojln/YkOsVVKttzZAJVcRPsg37Z3a06ZdKkxX+DSrMAFlPm5Mw==",
      "license": "Apache-2.0",
      "dependencies": {
        "@ai-sdk/gateway": "4.0.23",
        "@ai-sdk/provider": "4.0.3",
        "@ai-sdk/provider-utils": "5.0.11"
      },
      "engines": {
        "node": ">=22"
      },
      "peerDependencies": {
        "zod": "^3.25.76 || ^4.1.8"
      }
    },
    "node_modules/base64-js": {
      "version": "1.5.1",
      "resolved": "https://registry.npmjs.org/base64-js/-/base64-js-1.5.1.tgz",
      "integrity": "sha512-AKpaYlHn8t4SVbOHCy+b5+KKgvR4vrsD8vbvrbiQJps7fKDTkjkDry6ji0rUJjC0kzbNePLwzxq8iypo41qeWA==",
      "funding": [
        {
          "type": "github",
          "url": "https://github.com/sponsors/feross"
        },
        {
          "type": "patreon",
          "url": "https://www.patreon.com/feross"
        },
        {
          "type": "consulting",
          "url": "https://feross.org/support"
        }
      ],
      "license": "MIT"
    },
    "node_modules/braces": {
      "version": "3.0.3",
      "resolved": "https://registry.npmjs.org/braces/-/braces-3.0.3.tgz",
      "integrity": "sha512-yQbXgO/OSZVD2IsiLlro+7Hf6Q18EJrKSEsdoMzKePKXct3gvD8oLcOQdIzGupr5Fj+EDe8gO/lxc1BzfMpxvA==",
      "license": "MIT",
      "dependencies": {
        "fill-range": "^7.1.1"
      },
      "engines": {
        "node": ">=8"
      }
    },
    "node_modules/deepagents": {
      "version": "1.11.1",
      "resolved": "https://registry.npmjs.org/deepagents/-/deepagents-1.11.1.tgz",
      "integrity": "sha512-qBdQ+rmQteHsGgDjqubbBEaY6qcCyQdhKHYKs3f4G7FMnfGMWo/OvbzGncDGIjQLqSl1pF7tD/XkQmfVCU/fhQ==",
      "license": "MIT",
      "dependencies": {
        "fast-glob": "^3.3.3",
        "micromatch": "^4.0.8",
        "yaml": "^2.8.2",
        "zod": "^4.3.6"
      },
      "peerDependencies": {
        "@langchain/core": "^1.2.0",
        "@langchain/langgraph": "^1.4.4",
        "@langchain/langgraph-checkpoint": "^1.1.2",
        "@langchain/langgraph-sdk": "^1.9.23",
        "langchain": "^1.5.0",
        "langsmith": "^0.7.1"
      }
    },
    "node_modules/eventemitter3": {
      "version": "4.0.7",
      "resolved": "https://registry.npmjs.org/eventemitter3/-/eventemitter3-4.0.7.tgz",
      "integrity": "sha512-8guHBZCwKnFhYdHr2ysuRWErTwhoN2X8XELRlrRwpmfeY2jjuUN4taQMsULKUVo1K4DvZl+0pgfyoysHxvmvEw==",
      "license": "MIT"
    },
    "node_modules/eventsource-parser": {
      "version": "3.1.0",
      "resolved": "https://registry.npmjs.org/eventsource-parser/-/eventsource-parser-3.1.0.tgz",
      "integrity": "sha512-kJezFj9YFAMLeORyi7aCLxLbD5/qWMQnoMVlVPyHIll7lgRJCc3JVln9Vgl9nwQi0YkMnhdGTMNn7CkRRAptMg==",
      "license": "MIT",
      "engines": {
        "node": ">=18.0.0"
      }
    },
    "node_modules/fast-glob": {
      "version": "3.3.3",
      "resolved": "https://registry.npmjs.org/fast-glob/-/fast-glob-3.3.3.tgz",
      "integrity": "sha512-7MptL8U0cqcFdzIzwOTHoilX9x5BrNqye7Z/LuC7kCMRio1EMSyqRK3BEAUD7sXRq4iT4AzTVuZdhgQ2TCvYLg==",
      "license": "MIT",
      "dependencies": {
        "@nodelib/fs.stat": "^2.0.2",
        "@nodelib/fs.walk": "^1.2.3",
        "glob-parent": "^5.1.2",
        "merge2": "^1.3.0",
        "micromatch": "^4.0.8"
      },
      "engines": {
        "node": ">=8.6.0"
      }
    },
    "node_modules/fastq": {
      "version": "1.20.1",
      "resolved": "https://registry.npmjs.org/fastq/-/fastq-1.20.1.tgz",
      "integrity": "sha512-GGToxJ/w1x32s/D2EKND7kTil4n8OVk/9mycTc4VDza13lOvpUZTGX3mFSCtV9ksdGBVzvsyAVLM6mHFThxXxw==",
      "license": "ISC",
      "dependencies": {
        "reusify": "^1.0.4"
      }
    },
    "node_modules/fill-range": {
      "version": "7.1.1",
      "resolved": "https://registry.npmjs.org/fill-range/-/fill-range-7.1.1.tgz",
      "integrity": "sha512-YsGpe3WHLK8ZYi4tWDg2Jy3ebRz2rXowDxnld4bkQB00cc/1Zw9AWnC0i9ztDJitivtQvaI9KaLyKrc+hBW0yg==",
      "license": "MIT",
      "dependencies": {
        "to-regex-range": "^5.0.1"
      },
      "engines": {
        "node": ">=8"
      }
    },
    "node_modules/glob-parent": {
      "version": "5.1.2",
      "resolved": "https://registry.npmjs.org/glob-parent/-/glob-parent-5.1.2.tgz",
      "integrity": "sha512-AOIgSQCepiJYwP3ARnGx+5VnTu2HBYdzbGP45eLw1vr3zB3vZLeyed1sC9hnbcOc9/SrMyM5RPQrkGz4aS9Zow==",
      "license": "ISC",
      "dependencies": {
        "is-glob": "^4.0.1"
      },
      "engines": {
        "node": ">= 6"
      }
    },
    "node_modules/is-extglob": {
      "version": "2.1.1",
      "resolved": "https://registry.npmjs.org/is-extglob/-/is-extglob-2.1.1.tgz",
      "integrity": "sha512-SbKbANkN603Vi4jEZv49LeVJMn4yGwsbzZworEoyEiutsN3nJYdbO36zfhGJ6QEDpOZIFkDtnq5JRxmvl3jsoQ==",
      "license": "MIT",
      "engines": {
        "node": ">=0.10.0"
      }
    },
    "node_modules/is-glob": {
      "version": "4.0.3",
      "resolved": "https://registry.npmjs.org/is-glob/-/is-glob-4.0.3.tgz",
      "integrity": "sha512-xelSayHH36ZgE7ZWhli7pW34hNbNl8Ojv5KVmkJD4hBdD3th8Tfk9vYasLM+mXWOZhFkgZfxhLSnrwRr4elSSg==",
      "license": "MIT",
      "dependencies": {
        "is-extglob": "^2.1.1"
      },
      "engines": {
        "node": ">=0.10.0"
      }
    },
    "node_modules/is-network-error": {
      "version": "1.3.2",
      "resolved": "https://registry.npmjs.org/is-network-error/-/is-network-error-1.3.2.tgz",
      "integrity": "sha512-PhBY86zaxNZUuWP6h13Vu5oFe0XY6/UlKzQnYFELzGVHygP3MxmvTfYSG7GN3aIab/iWudSMgjSnG9Dq+nHrgA==",
      "license": "MIT",
      "engines": {
        "node": ">=16"
      },
      "funding": {
        "url": "https://github.com/sponsors/sindresorhus"
      }
    },
    "node_modules/is-number": {
      "version": "7.0.0",
      "resolved": "https://registry.npmjs.org/is-number/-/is-number-7.0.0.tgz",
      "integrity": "sha512-41Cifkg6e8TylSpdtTpeLVMqvSBEVzTttHvERD741+pnZ8ANv0004MRL43QKPDlK9cGvNp6NZWZUBlbGXYxxng==",
      "license": "MIT",
      "engines": {
        "node": ">=0.12.0"
      }
    },
    "node_modules/js-tiktoken": {
      "version": "1.0.21",
      "resolved": "https://registry.npmjs.org/js-tiktoken/-/js-tiktoken-1.0.21.tgz",
      "integrity": "sha512-biOj/6M5qdgx5TKjDnFT1ymSpM5tbd3ylwDtrQvFQSu0Z7bBYko2dF+W/aUkXUPuk6IVpRxk/3Q2sHOzGlS36g==",
      "license": "MIT",
      "dependencies": {
        "base64-js": "^1.5.1"
      }
    },
    "node_modules/json-schema": {
      "version": "0.4.0",
      "resolved": "https://registry.npmjs.org/json-schema/-/json-schema-0.4.0.tgz",
      "integrity": "sha512-es94M3nTIfsEPisRafak+HDLfHXnKBhV3vU5eqPcS3flIWqcxJWgXHXiey3YrpaNsanY5ei1VoYEbOzijuq9BA==",
      "license": "(AFL-2.1 OR BSD-3-Clause)"
    },
    "node_modules/langchain": {
      "version": "1.5.3",
      "resolved": "https://registry.npmjs.org/langchain/-/langchain-1.5.3.tgz",
      "integrity": "sha512-YRYPy1xPq4CgKe0NdPoscYHnKBW5cViEyWiZsUKQfN3xL1X5DpGlIpaBQg1A/t6o9ePKE7J5b7nqrfLz8t7/Rw==",
      "license": "MIT",
      "dependencies": {
        "@langchain/langgraph": "^1.4.7",
        "@langchain/langgraph-checkpoint": "^1.1.3",
        "langsmith": ">=0.5.0 <1.0.0",
        "zod": "^3.25.76 || ^4"
      },
      "engines": {
        "node": ">=20"
      },
      "peerDependencies": {
        "@langchain/core": "^1.2.1"
      }
    },
    "node_modules/langsmith": {
      "version": "0.8.4",
      "resolved": "https://registry.npmjs.org/langsmith/-/langsmith-0.8.4.tgz",
      "integrity": "sha512-e2zdhPUV/mLwVv+Gde/0gLGnCOE/zvZ3gGNh/rvkzrxsDz7qgUT4CJVUmJE2GwQ1A3FPtWKzy08oo//VV1nBFA==",
      "license": "MIT",
      "dependencies": {
        "p-queue": "6.6.2"
      },
      "peerDependencies": {
        "@opentelemetry/api": "*",
        "@opentelemetry/exporter-trace-otlp-proto": "*",
        "@opentelemetry/sdk-trace-base": "*",
        "openai": "*",
        "ws": ">=7"
      },
      "peerDependenciesMeta": {
        "@opentelemetry/api": {
          "optional": true
        },
        "@opentelemetry/exporter-trace-otlp-proto": {
          "optional": true
        },
        "@opentelemetry/sdk-trace-base": {
          "optional": true
        },
        "openai": {
          "optional": true
        },
        "ws": {
          "optional": true
        }
      }
    },
    "node_modules/merge2": {
      "version": "1.4.1",
      "resolved": "https://registry.npmjs.org/merge2/-/merge2-1.4.1.tgz",
      "integrity": "sha512-8q7VEgMJW4J8tcfVPy8g09NcQwZdbwFEqhe/WZkoIzjn/3TGDwtOCYtXGxA3O8tPzpczCCDgv+P2P5y00ZJOOg==",
      "license": "MIT",
      "engines": {
        "node": ">= 8"
      }
    },
    "node_modules/micromatch": {
      "version": "4.0.8",
      "resolved": "https://registry.npmjs.org/micromatch/-/micromatch-4.0.8.tgz",
      "integrity": "sha512-PXwfBhYu0hBCPw8Dn0E+WDYb7af3dSLVWKi3HGv84IdF4TyFoC0ysxFd0Goxw7nSv4T/PzEJQxsYsEiFCKo2BA==",
      "license": "MIT",
      "dependencies": {
        "braces": "^3.0.3",
        "picomatch": "^2.3.1"
      },
      "engines": {
        "node": ">=8.6"
      }
    },
    "node_modules/mustache": {
      "version": "4.2.0",
      "resolved": "https://registry.npmjs.org/mustache/-/mustache-4.2.0.tgz",
      "integrity": "sha512-71ippSywq5Yb7/tVYyGbkBggbU8H3u5Rz56fH60jGFgr8uHwxs+aSKeqmluIVzM0m0kB7xQjKS6qPfd0b2ZoqQ==",
      "license": "MIT",
      "bin": {
        "mustache": "bin/mustache"
      }
    },
    "node_modules/openai": {
      "version": "6.48.0",
      "resolved": "https://registry.npmjs.org/openai/-/openai-6.48.0.tgz",
      "integrity": "sha512-KhVp+FyV50QrXNextvL9hIU5l6ox5HYuKQjGVk7lIqprgJol90+dQXWONV6S1lRWsKA1bXjrow8RsUT14M1hNA==",
      "license": "Apache-2.0",
      "peerDependencies": {
        "@aws-sdk/credential-provider-node": ">=3.972.0 <4",
        "@smithy/hash-node": ">=4.3.0 <5",
        "@smithy/signature-v4": ">=5.4.0 <6",
        "ws": "^8.18.0",
        "zod": "^3.25 || ^4.0"
      },
      "peerDependenciesMeta": {
        "@aws-sdk/credential-provider-node": {
          "optional": true
        },
        "@smithy/hash-node": {
          "optional": true
        },
        "@smithy/signature-v4": {
          "optional": true
        },
        "ws": {
          "optional": true
        },
        "zod": {
          "optional": true
        }
      }
    },
    "node_modules/p-finally": {
      "version": "1.0.0",
      "resolved": "https://registry.npmjs.org/p-finally/-/p-finally-1.0.0.tgz",
      "integrity": "sha512-LICb2p9CB7FS+0eR1oqWnHhp0FljGLZCWBE9aix0Uye9W8LTQPwMTYVGWQWIw9RdQiDg4+epXQODwIYJtSJaow==",
      "license": "MIT",
      "engines": {
        "node": ">=4"
      }
    },
    "node_modules/p-queue": {
      "version": "6.6.2",
      "resolved": "https://registry.npmjs.org/p-queue/-/p-queue-6.6.2.tgz",
      "integrity": "sha512-RwFpb72c/BhQLEXIZ5K2e+AhgNVmIejGlTgiB9MzZ0e93GRvqZ7uSi0dvRF7/XIXDeNkra2fNHBxTyPDGySpjQ==",
      "license": "MIT",
      "dependencies": {
        "eventemitter3": "^4.0.4",
        "p-timeout": "^3.2.0"
      },
      "engines": {
        "node": ">=8"
      },
      "funding": {
        "url": "https://github.com/sponsors/sindresorhus"
      }
    },
    "node_modules/p-retry": {
      "version": "7.1.1",
      "resolved": "https://registry.npmjs.org/p-retry/-/p-retry-7.1.1.tgz",
      "integrity": "sha512-J5ApzjyRkkf601HpEeykoiCvzHQjWxPAHhyjFcEUP2SWq0+35NKh8TLhpLw+Dkq5TZBFvUM6UigdE9hIVYTl5w==",
      "license": "MIT",
      "dependencies": {
        "is-network-error": "^1.1.0"
      },
      "engines": {
        "node": ">=20"
      },
      "funding": {
        "url": "https://github.com/sponsors/sindresorhus"
      }
    },
    "node_modules/p-timeout": {
      "version": "3.2.0",
      "resolved": "https://registry.npmjs.org/p-timeout/-/p-timeout-3.2.0.tgz",
      "integrity": "sha512-rhIwUycgwwKcP9yTOOFK/AKsAopjjCakVqLHePO3CC6Mir1Z99xT+R63jZxAT5lFZLa2inS5h+ZS2GvR99/FBg==",
      "license": "MIT",
      "dependencies": {
        "p-finally": "^1.0.0"
      },
      "engines": {
        "node": ">=8"
      }
    },
    "node_modules/picomatch": {
      "version": "2.3.2",
      "resolved": "https://registry.npmjs.org/picomatch/-/picomatch-2.3.2.tgz",
      "integrity": "sha512-V7+vQEJ06Z+c5tSye8S+nHUfI51xoXIXjHQ99cQtKUkQqqO1kO/KCJUfZXuB47h/YBlDhah2H3hdUGXn8ie0oA==",
      "license": "MIT",
      "engines": {
        "node": ">=8.6"
      },
      "funding": {
        "url": "https://github.com/sponsors/jonschlinkert"
      }
    },
    "node_modules/queue-microtask": {
      "version": "1.2.3",
      "resolved": "https://registry.npmjs.org/queue-microtask/-/queue-microtask-1.2.3.tgz",
      "integrity": "sha512-NuaNSa6flKT5JaSYQzJok04JzTL1CA6aGhv5rfLW3PgqA+M2ChpZQnAC8h8i4ZFkBS8X5RqkDBHA7r4hej3K9A==",
      "funding": [
        {
          "type": "github",
          "url": "https://github.com/sponsors/feross"
        },
        {
          "type": "patreon",
          "url": "https://www.patreon.com/feross"
        },
        {
          "type": "consulting",
          "url": "https://feross.org/support"
        }
      ],
      "license": "MIT"
    },
    "node_modules/reusify": {
      "version": "1.1.0",
      "resolved": "https://registry.npmjs.org/reusify/-/reusify-1.1.0.tgz",
      "integrity": "sha512-g6QUff04oZpHs0eG5p83rFLhHeV00ug/Yf9nZM6fLeUrPguBTkTQOdpAWWspMh55TZfVQDPaN3NQJfbVRAxdIw==",
      "license": "MIT",
      "engines": {
        "iojs": ">=1.0.0",
        "node": ">=0.10.0"
      }
    },
    "node_modules/run-parallel": {
      "version": "1.2.0",
      "resolved": "https://registry.npmjs.org/run-parallel/-/run-parallel-1.2.0.tgz",
      "integrity": "sha512-5l4VyZR86LZ/lDxZTR6jqL8AFE2S0IFLMP26AbjsLVADxHdhB/c0GUsH+y39UfCi3dzz8OlQuPmnaJOMoDHQBA==",
      "funding": [
        {
          "type": "github",
          "url": "https://github.com/sponsors/feross"
        },
        {
          "type": "patreon",
          "url": "https://www.patreon.com/feross"
        },
        {
          "type": "consulting",
          "url": "https://feross.org/support"
        }
      ],
      "license": "MIT",
      "dependencies": {
        "queue-microtask": "^1.2.2"
      }
    },
    "node_modules/to-regex-range": {
      "version": "5.0.1",
      "resolved": "https://registry.npmjs.org/to-regex-range/-/to-regex-range-5.0.1.tgz",
      "integrity": "sha512-65P7iz6X5yEr1cwcgvQxbbIw7Uk3gOy5dIdtZ4rDveLqhrdJP+Li/Hx6tyK0NEb+2GCyneCMJiGqrADCSNk8sQ==",
      "license": "MIT",
      "dependencies": {
        "is-number": "^7.0.0"
      },
      "engines": {
        "node": ">=8.0"
      }
    },
    "node_modules/yaml": {
      "version": "2.9.0",
      "resolved": "https://registry.npmjs.org/yaml/-/yaml-2.9.0.tgz",
      "integrity": "sha512-2AvhNX3mb8zd6Zy7INTtSpl1F15HW6Wnqj0srWlkKLcpYl/gMIMJiyuGq2KeI2YFxUPjdlB+3Lc10seMLtL4cA==",
      "license": "ISC",
      "bin": {
        "yaml": "bin.mjs"
      },
      "engines": {
        "node": ">= 14.6"
      },
      "funding": {
        "url": "https://github.com/sponsors/eemeli"
      }
    },
    "node_modules/zod": {
      "version": "4.4.3",
      "resolved": "https://registry.npmjs.org/zod/-/zod-4.4.3.tgz",
      "integrity": "sha512-ytENFjIJFl2UwYglde2jchW2Hwm4GJFLDiSXWdTrJQBIN9Fcyp7n4DhxJEiWNAJMV1/BqWfW/kkg71UDcHJyTQ==",
      "license": "MIT",
      "funding": {
        "url": "https://github.com/sponsors/colinhacks"
      }
    }
  }
}
